
Microsoft Visual Studio Solution File, Format Version 12.00
# Visual Studio Version 17
VisualStudioVersion = 17.14.36203.30 d17.14
MinimumVisualStudioVersion = 10.0.40219.1
Project("{FAE04EC0-301F-11D3-BF4B-00C04F79EFBC}") = "APPCar.Api", "APPCar.Api\APPCar.Api.csproj", "{9C81ECED-367A-465D-9168-E33F6F04BE1F}"
EndProject
Project("{FAE04EC0-301F-11D3-BF4B-00C04F79EFBC}") = "AppCar.Date", "AppCar.Date\AppCar.Date.csproj", "{C12955ED-FC72-46FB-97A9-2129F81F1AB4}"
EndProject
Project("{FAE04EC0-301F-11D3-BF4B-00C04F79EFBC}") = "AppCar.Core", "AppCar.Core\AppCar.Core.csproj", "{A26502C7-AE05-4F61-9870-E355E43C7F91}"
EndProject
Project("{FAE04EC0-301F-11D3-BF4B-00C04F79EFBC}") = "AppCar.infrustrcture", "AppCar.infrustrcture\AppCar.infrustrcture.csproj", "{B9402FC7-F1EE-4DF4-BCFC-B8E7FA5A8AF2}"
EndProject
Project("{FAE04EC0-301F-11D3-BF4B-00C04F79EFBC}") = "AppCar.Service", "AppCar.Service\AppCar.Service.csproj", "{0967C047-9024-446C-96A0-686B7FB26FB8}"
EndProject
Global
	GlobalSection(SolutionConfigurationPlatforms) = preSolution
		Debug|Any CPU = Debug|Any CPU
		Release|Any CPU = Release|Any CPU
	EndGlobalSection
	GlobalSection(ProjectConfigurationPlatforms) = postSolution
		{9C81ECED-367A-465D-9168-E33F6F04BE1F}.Debug|Any CPU.ActiveCfg = Debug|Any CPU
		{9C81ECED-367A-465D-9168-E33F6F04BE1F}.Debug|Any CPU.Build.0 = Debug|Any CPU
		{9C81ECED-367A-465D-9168-E33F6F04BE1F}.Release|Any CPU.ActiveCfg = Release|Any CPU
		{9C81ECED-367A-465D-9168-E33F6F04BE1F}.Release|Any CPU.Build.0 = Release|Any CPU
		{C12955ED-FC72-46FB-97A9-2129F81F1AB4}.Debug|Any CPU.ActiveCfg = Debug|Any CPU
		{C12955ED-FC72-46FB-97A9-2129F81F1AB4}.Debug|Any CPU.Build.0 = Debug|Any CPU
		{C12955ED-FC72-46FB-97A9-2129F81F1AB4}.Release|Any CPU.ActiveCfg = Release|Any CPU
		{C12955ED-FC72-46FB-97A9-2129F81F1AB4}.Release|Any CPU.Build.0 = Release|Any CPU
		{A26502C7-AE05-4F61-9870-E355E43C7F91}.Debug|Any CPU.ActiveCfg = Debug|Any CPU
		{A26502C7-AE05-4F61-9870-E355E43C7F91}.Debug|Any CPU.Build.0 = Debug|Any CPU
		{A26502C7-AE05-4F61-9870-E355E43C7F91}.Release|Any CPU.ActiveCfg = Release|Any CPU
		{A26502C7-AE05-4F61-9870-E355E43C7F91}.Release|Any CPU.Build.0 = Release|Any CPU
		{B9402FC7-F1EE-4DF4-BCFC-B8E7FA5A8AF2}.Debug|Any CPU.ActiveCfg = Debug|Any CPU
		{B9402FC7-F1EE-4DF4-BCFC-B8E7FA5A8AF2}.Debug|Any CPU.Build.0 = Debug|Any CPU
		{B9402FC7-F1EE-4DF4-BCFC-B8E7FA5A8AF2}.Release|Any CPU.ActiveCfg = Release|Any CPU
		{B9402FC7-F1EE-4DF4-BCFC-B8E7FA5A8AF2}.Release|Any CPU.Build.0 = Release|Any CPU
		{0967C047-9024-446C-96A0-686B7FB26FB8}.Debug|Any CPU.ActiveCfg = Debug|Any CPU
		{0967C047-9024-446C-96A0-686B7FB26FB8}.Debug|Any CPU.Build.0 = Debug|Any CPU
		{0967C047-9024-446C-96A0-686B7FB26FB8}.Release|Any CPU.ActiveCfg = Release|Any CPU
		{0967C047-9024-446C-96A0-686B7FB26FB8}.Release|Any CPU.Build.0 = Release|Any CPU
	EndGlobalSection
	GlobalSection(SolutionProperties) = preSolution
		HideSolutionNode = FALSE
	EndGlobalSection
	GlobalSection(ExtensibilityGlobals) = postSolution
		SolutionGuid = {385E96B0-2B87-4F28-8B1B-2FBCF18EA7A0}
	EndGlobalSection
EndGlobal
